// !$*UTF8*$!
{
	archiveVersion = 1;
	classes = {
	};
	objectVersion = 48;
	objects = {

/* Begin PBXBuildFile section */
		A544BE181FDDD2740023F075 /* GoalCell.swift in Sources */ = {isa = PBXBuildFile; fileRef = A544BE171FDDD2740023F075 /* GoalCell.swift */; };
		A544BE1A1FDDDA3B0023F075 /* GoalType.swift in Sources */ = {isa = PBXBuildFile; fileRef = A544BE191FDDDA3B0023F075 /* GoalType.swift */; };
		A544BE1C1FDDE7690023F075 /* CreateGoalVC.swift in Sources */ = {isa = PBXBuildFile; fileRef = A544BE1B1FDDE7690023F075 /* CreateGoalVC.swift */; };
		A544BE1E1FDDE8E30023F075 /* UIViewControllerExt.swift in Sources */ = {isa = PBXBuildFile; fileRef = A544BE1D1FDDE8E30023F075 /* UIViewControllerExt.swift */; };
		A544BE201FDDED000023F075 /* UIViewExt.swift in Sources */ = {isa = PBXBuildFile; fileRef = A544BE1F1FDDED000023F075 /* UIViewExt.swift */; };
		A544BE241FDDF1010023F075 /* UIButtonExt.swift in Sources */ = {isa = PBXBuildFile; fileRef = A544BE231FDDF1010023F075 /* UIButtonExt.swift */; };
		A5A1A2921FDC8CF4002938F4 /* AppDelegate.swift in Sources */ = {isa = PBXBuildFile; fileRef = A5A1A2911FDC8CF4002938F4 /* AppDelegate.swift */; };
		A5A1A2941FDC8CF4002938F4 /* GoalsVC.swift in Sources */ = {isa = PBXBuildFile; fileRef = A5A1A2931FDC8CF4002938F4 /* GoalsVC.swift */; };
		A5A1A2971FDC8CF4002938F4 /* Main.storyboard in Resources */ = {isa = PBXBuildFile; fileRef = A5A1A2951FDC8CF4002938F4 /* Main.storyboard */; };
		A5A1A29A1FDC8CF4002938F4 /* goalpost_app.xcdatamodeld in Sources */ = {isa = PBXBuildFile; fileRef = A5A1A2981FDC8CF4002938F4 /* goalpost_app.xcdatamodeld */; };
		A5A1A29C1FDC8CF4002938F4 /* Assets.xcassets in Resources */ = {isa = PBXBuildFile; fileRef = A5A1A29B1FDC8CF4002938F4 /* Assets.xcassets */; };
		A5A1A29F1FDC8CF4002938F4 /* LaunchScreen.storyboard in Resources */ = {isa = PBXBuildFile; fileRef = A5A1A29D1FDC8CF4002938F4 /* LaunchScreen.storyboard */; };
/* End PBXBuildFile section */

/* Begin PBXFileReference section */
		A544BE171FDDD2740023F075 /* GoalCell.swift */ = {isa = PBXFileReference; lastKnownFileType = sourcecode.swift; path = GoalCell.swift; sourceTree = "<group>"; };
		A544BE191FDDDA3B0023F075 /* GoalType.swift */ = {isa = PBXFileReference; lastKnownFileType = sourcecode.swift; path = GoalType.swift; sourceTree = "<group>"; };
		A544BE1B1FDDE7690023F075 /* CreateGoalVC.swift */ = {isa = PBXFileReference; lastKnownFileType = sourcecode.swift; path = CreateGoalVC.swift; sourceTree = "<group>"; };
		A544BE1D1FDDE8E30023F075 /* UIViewControllerExt.swift */ = {isa = PBXFileReference; lastKnownFileType = sourcecode.swift; path = UIViewControllerExt.swift; sourceTree = "<group>"; };
		A544BE1F1FDDED000023F075 /* UIViewExt.swift */ = {isa = PBXFileReference; lastKnownFileType = sourcecode.swift; path = UIViewExt.swift; sourceTree = "<group>"; };
		A544BE231FDDF1010023F075 /* UIButtonExt.swift */ = {isa = PBXFileReference; lastKnownFileType = sourcecode.swift; path = UIButtonExt.swift; sourceTree = "<group>"; };
		A5A1A28E1FDC8CF4002938F4 /* goalpost-app.app */ = {isa = PBXFileReference; explicitFileType = wrapper.application; includeInIndex = 0; path = "goalpost-app.app"; sourceTree = BUILT_PRODUCTS_DIR; };
		A5A1A2911FDC8CF4002938F4 /* AppDelegate.swift */ = {isa = PBXFileReference; lastKnownFileType = sourcecode.swift; path = AppDelegate.swift; sourceTree = "<group>"; };
		A5A1A2931FDC8CF4002938F4 /* GoalsVC.swift */ = {isa = PBXFileReference; lastKnownFileType = sourcecode.swift; path = GoalsVC.swift; sourceTree = "<group>"; };
		A5A1A2961FDC8CF4002938F4 /* Base */ = {isa = PBXFileReference; lastKnownFileType = file.storyboard; name = Base; path = Base.lproj/Main.storyboard; sourceTree = "<group>"; };
		A5A1A2991FDC8CF4002938F4 /* goalpost_app.xcdatamodel */ = {isa = PBXFileReference; lastKnownFileType = wrapper.xcdatamodel; path = goalpost_app.xcdatamodel; sourceTree = "<group>"; };
		A5A1A29B1FDC8CF4002938F4 /* Assets.xcassets */ = {isa = PBXFileReference; lastKnownFileType = folder.assetcatalog; path = Assets.xcassets; sourceTree = "<group>"; };
		A5A1A29E1FDC8CF4002938F4 /* Base */ = {isa = PBXFileReference; lastKnownFileType = file.storyboard; name = Base; path = Base.lproj/LaunchScreen.storyboard; sourceTree = "<group>"; };
		A5A1A2A01FDC8CF4002938F4 /* Info.plist */ = {isa = PBXFileReference; lastKnownFileType = text.plist.xml; path = Info.plist; sourceTree = "<group>"; };
/* End PBXFileReference section */

/* Begin PBXFrameworksBuildPhase section */
		A5A1A28B1FDC8CF4002938F4 /* Frameworks */ = {
			isa = PBXFrameworksBuildPhase;
			buildActionMask = 2147483647;
			files = (
			);
			runOnlyForDeploymentPostprocessing = 0;
		};
/* End PBXFrameworksBuildPhase section */

/* Begin PBXGroup section */
		A544BE131FDDC8C30023F075 /* Controller */ = {
			isa = PBXGroup;
			children = (
				A5A1A2931FDC8CF4002938F4 /* GoalsVC.swift */,
				A544BE1B1FDDE7690023F075 /* CreateGoalVC.swift */,
			);
			path = Controller;
			sourceTree = "<group>";
		};
		A544BE141FDDC8E80023F075 /* Views */ = {
			isa = PBXGroup;
			children = (
				A544BE171FDDD2740023F075 /* GoalCell.swift */,
			);
			path = Views;
			sourceTree = "<group>";
		};
		A544BE151FDDC9020023F075 /* Enums */ = {
			isa = PBXGroup;
			children = (
				A544BE191FDDDA3B0023F075 /* GoalType.swift */,
			);
			path = Enums;
			sourceTree = "<group>";
		};
		A544BE161FDDC9260023F075 /* Extensions */ = {
			isa = PBXGroup;
			children = (
				A544BE1D1FDDE8E30023F075 /* UIViewControllerExt.swift */,
				A544BE1F1FDDED000023F075 /* UIViewExt.swift */,
				A544BE231FDDF1010023F075 /* UIButtonExt.swift */,
			);
			path = Extensions;
			sourceTree = "<group>";
		};
		A5A1A2851FDC8CF4002938F4 = {
			isa = PBXGroup;
			children = (
				A5A1A2901FDC8CF4002938F4 /* goalpost-app */,
				A5A1A28F1FDC8CF4002938F4 /* Products */,
			);
			sourceTree = "<group>";
		};
		A5A1A28F1FDC8CF4002938F4 /* Products */ = {
			isa = PBXGroup;
			children = (
				A5A1A28E1FDC8CF4002938F4 /* goalpost-app.app */,
			);
			name = Products;
			sourceTree = "<group>";
		};
		A5A1A2901FDC8CF4002938F4 /* goalpost-app */ = {
			isa = PBXGroup;
			children = (
				A544BE161FDDC9260023F075 /* Extensions */,
				A544BE151FDDC9020023F075 /* Enums */,
				A544BE141FDDC8E80023F075 /* Views */,
				A544BE131FDDC8C30023F075 /* Controller */,
				A5A1A2911FDC8CF4002938F4 /* AppDelegate.swift */,
				A5A1A2951FDC8CF4002938F4 /* Main.storyboard */,
				A5A1A29B1FDC8CF4002938F4 /* Assets.xcassets */,
				A5A1A29D1FDC8CF4002938F4 /* LaunchScreen.storyboard */,
				A5A1A2A01FDC8CF4002938F4 /* Info.plist */,
				A5A1A2981FDC8CF4002938F4 /* goalpost_app.xcdatamodeld */,
			);
			path = "goalpost-app";
			sourceTree = "<group>";
		};
/* End PBXGroup section */

/* Begin PBXNativeTarget section */
		A5A1A28D1FDC8CF4002938F4 /* goalpost-app */ = {
			isa = PBXNativeTarget;
			buildConfigurationList = A5A1A2A31FDC8CF4002938F4 /* Build configuration list for PBXNativeTarget "goalpost-app" */;
			buildPhases = (
				A5A1A28A1FDC8CF4002938F4 /* Sources */,
				A5A1A28B1FDC8CF4002938F4 /* Frameworks */,
				A5A1A28C1FDC8CF4002938F4 /* Resources */,
			);
			buildRules = (
			);
			dependencies = (
			);
			name = "goalpost-app";
			productName = "goalpost-app";
			productReference = A5A1A28E1FDC8CF4002938F4 /* goalpost-app.app */;
			productType = "com.apple.product-type.application";
		};
/* End PBXNativeTarget section */

/* Begin PBXProject section */
		A5A1A2861FDC8CF4002938F4 /* Project object */ = {
			isa = PBXProject;
			attributes = {
				LastSwiftUpdateCheck = 0920;
				LastUpgradeCheck = 0920;
				ORGANIZATIONNAME = "Gorgeous Running";
				TargetAttributes = {
					A5A1A28D1FDC8CF4002938F4 = {
						CreatedOnToolsVersion = 9.2;
						ProvisioningStyle = Automatic;
					};
				};
			};
			buildConfigurationList = A5A1A2891FDC8CF4002938F4 /* Build configuration list for PBXProject "goalpost-app" */;
			compatibilityVersion = "Xcode 8.0";
			developmentRegion = en;
			hasScannedForEncodings = 0;
			knownRegions = (
				en,
				Base,
			);
			mainGroup = A5A1A2851FDC8CF4002938F4;
			productRefGroup = A5A1A28F1FDC8CF4002938F4 /* Products */;
			projectDirPath = "";
			projectRoot = "";
			targets = (
				A5A1A28D1FDC8CF4002938F4 /* goalpost-app */,
			);
		};
/* End PBXProject section */

/* Begin PBXResourcesBuildPhase section */
		A5A1A28C1FDC8CF4002938F4 /* Resources */ = {
			isa = PBXResourcesBuildPhase;
			buildActionMask = 2147483647;
			files = (
				A5A1A29F1FDC8CF4002938F4 /* LaunchScreen.storyboard in Resources */,
				A5A1A29C1FDC8CF4002938F4 /* Assets.xcassets in Resources */,
				A5A1A2971FDC8CF4002938F4 /* Main.storyboard in Resources */,
			);
			runOnlyForDeploymentPostprocessing = 0;
		};
/* End PBXResourcesBuildPhase section */

/* Begin PBXSourcesBuildPhase section */
		A5A1A28A1FDC8CF4002938F4 /* Sources */ = {
			isa = PBXSourcesBuildPhase;
			buildActionMask = 2147483647;
			files = (
				A544BE181FDDD2740023F075 /* GoalCell.swift in Sources */,
				A544BE1C1FDDE7690023F075 /* CreateGoalVC.swift in Sources */,
				A544BE1A1FDDDA3B0023F075 /* GoalType.swift in Sources */,
				A5A1A2941FDC8CF4002938F4 /* GoalsVC.swift in Sources */,
				A544BE201FDDED000023F075 /* UIViewExt.swift in Sources */,
				A5A1A2921FDC8CF4002938F4 /* AppDelegate.swift in Sources */,
				A544BE1E1FDDE8E30023F075 /* UIViewControllerExt.swift in Sources */,
				A544BE241FDDF1010023F075 /* UIButtonExt.swift in Sources */,
				A5A1A29A1FDC8CF4002938F4 /* goalpost_app.xcdatamodeld in Sources */,
			);
			runOnlyForDeploymentPostprocessing = 0;
		};
/* End PBXSourcesBuildPhase section */

/* Begin PBXVariantGroup section */
		A5A1A2951FDC8CF4002938F4 /* Main.storyboard */ = {
			isa = PBXVariantGroup;
			children = (
				A5A1A2961FDC8CF4002938F4 /* Base */,
			);
			name = Main.storyboard;
			sourceTree = "<group>";
		};
		A5A1A29D1FDC8CF4002938F4 /* LaunchScreen.storyboard */ = {
			isa = PBXVariantGroup;
			children = (
				A5A1A29E1FDC8CF4002938F4 /* Base */,
			);
			name = LaunchScreen.storyboard;
			sourceTree = "<group>";
		};
/* End PBXVariantGroup section */

/* Begin XCBuildConfiguration section */
		A5A1A2A11FDC8CF4002938F4 /* Debug */ = {
			isa = XCBuildConfiguration;
			buildSettings = {
				ALWAYS_SEARCH_USER_PATHS = NO;
				CLANG_ANALYZER_NONNULL = YES;
				CLANG_ANALYZER_NUMBER_OBJECT_CONVERSION = YES_AGGRESSIVE;
				CLANG_CXX_LANGUAGE_STANDARD = "gnu++14";
				CLANG_CXX_LIBRARY = "libc++";
				CLANG_ENABLE_MODULES = YES;
				CLANG_ENABLE_OBJC_ARC = YES;
				CLANG_WARN_BLOCK_CAPTURE_AUTORELEASING = YES;
				CLANG_WARN_BOOL_CONVERSION = YES;
				CLANG_WARN_COMMA = YES;
				CLANG_WARN_CONSTANT_CONVERSION = YES;
				CLANG_WARN_DIRECT_OBJC_ISA_USAGE = YES_ERROR;
				CLANG_WARN_DOCUMENTATION_COMMENTS = YES;
				CLANG_WARN_EMPTY_BODY = YES;
				CLANG_WARN_ENUM_CONVERSION = YES;
				CLANG_WARN_INFINITE_RECURSION = YES;
				CLANG_WARN_INT_CONVERSION = YES;
				CLANG_WARN_NON_LITERAL_NULL_CONVERSION = YES;
				CLANG_WARN_OBJC_LITERAL_CONVERSION = YES;
				CLANG_WARN_OBJC_ROOT_CLASS = YES_ERROR;
				CLANG_WARN_RANGE_LOOP_ANALYSIS = YES;
				CLANG_WARN_STRICT_PROTOTYPES = YES;
				CLANG_WARN_SUSPICIOUS_MOVE = YES;
				CLANG_WARN_UNGUARDED_AVAILABILITY = YES_AGGRESSIVE;
				CLANG_WARN_UNREACHABLE_CODE = YES;
				CLANG_WARN__DUPLICATE_METHOD_MATCH = YES;
				CODE_SIGN_IDENTITY = "iPhone Developer";
				COPY_PHASE_STRIP = NO;
				DEBUG_INFORMATION_FORMAT = dwarf;
				ENABLE_STRICT_OBJC_MSGSEND = YES;
				ENABLE_TESTABILITY = YES;
				GCC_C_LANGUAGE_STANDARD = gnu11;
				GCC_DYNAMIC_NO_PIC = NO;
				GCC_NO_COMMON_BLOCKS = YES;
				GCC_OPTIMIZATION_LEVEL = 0;
				GCC_PREPROCESSOR_DEFINITIONS = (
					"DEBUG=1",
					"$(inherited)",
				);
				GCC_WARN_64_TO_32_BIT_CONVERSION = YES;
				GCC_WARN_ABOUT_RETURN_TYPE = YES_ERROR;
				GCC_WARN_UNDECLARED_SELECTOR = YES;
				GCC_WARN_UNINITIALIZED_AUTOS = YES_AGGRESSIVE;
				GCC_WARN_UNUSED_FUNCTION = YES;
				GCC_WARN_UNUSED_VARIABLE = YES;
				IPHONEOS_DEPLOYMENT_TARGET = 11.2;
				MTL_ENABLE_DEBUG_INFO = YES;
				ONLY_ACTIVE_ARCH = YES;
				SDKROOT = iphoneos;
				SWIFT_ACTIVE_COMPILATION_CONDITIONS = DEBUG;
				SWIFT_OPTIMIZATION_LEVEL = "-Onone";
			};
			name = Debug;
		};
		A5A1A2A21FDC8CF4002938F4 /* Release */ = {
			isa = XCBuildConfiguration;
			buildSettings = {
				ALWAYS_SEARCH_USER_PATHS = NO;
				CLANG_ANALYZER_NONNULL = YES;
				CLANG_ANALYZER_NUMBER_OBJECT_CONVERSION = YES_AGGRESSIVE;
				CLANG_CXX_LANGUAGE_STANDARD = "gnu++14";
				CLANG_CXX_LIBRARY = "libc++";
				CLANG_ENABLE_MODULES = YES;
				CLANG_ENABLE_OBJC_ARC = YES;
				CLANG_WARN_BLOCK_CAPTURE_AUTORELEASING = YES;
				CLANG_WARN_BOOL_CONVERSION = YES;
				CLANG_WARN_COMMA = YES;
				CLANG_WARN_CONSTANT_CONVERSION = YES;
				CLANG_WARN_DIRECT_OBJC_ISA_USAGE = YES_ERROR;
				CLANG_WARN_DOCUMENTATION_COMMENTS = YES;
				CLANG_WARN_EMPTY_BODY = YES;
				CLANG_WARN_ENUM_CONVERSION = YES;
				CLANG_WARN_INFINITE_RECURSION = YES;
				CLANG_WARN_INT_CONVERSION = YES;
				CLANG_WARN_NON_LITERAL_NULL_CONVERSION = YES;
				CLANG_WARN_OBJC_LITERAL_CONVERSION = YES;
				CLANG_WARN_OBJC_ROOT_CLASS = YES_ERROR;
				CLANG_WARN_RANGE_LOOP_ANALYSIS = YES;
				CLANG_WARN_STRICT_PROTOTYPES = YES;
				CLANG_WARN_SUSPICIOUS_MOVE = YES;
				CLANG_WARN_UNGUARDED_AVAILABILITY = YES_AGGRESSIVE;
				CLANG_WARN_UNREACHABLE_CODE = YES;
				CLANG_WARN__DUPLICATE_METHOD_MATCH = YES;
				CODE_SIGN_IDENTITY = "iPhone Developer";
				COPY_PHASE_STRIP = NO;
				DEBUG_INFORMATION_FORMAT = "dwarf-with-dsym";
				ENABLE_NS_ASSERTIONS = NO;
				ENABLE_STRICT_OBJC_MSGSEND = YES;
				GCC_C_LANGUAGE_STANDARD = gnu11;
				GCC_NO_COMMON_BLOCKS = YES;
				GCC_WARN_64_TO_32_BIT_CONVERSION = YES;
				GCC_WARN_ABOUT_RETURN_TYPE = YES_ERROR;
				GCC_WARN_UNDECLARED_SELECTOR = YES;
				GCC_WARN_UNINITIALIZED_AUTOS = YES_AGGRESSIVE;
				GCC_WARN_UNUSED_FUNCTION = YES;
				GCC_WARN_UNUSED_VARIABLE = YES;
				IPHONEOS_DEPLOYMENT_TARGET = 11.2;
				MTL_ENABLE_DEBUG_INFO = NO;
				SDKROOT = iphoneos;
				SWIFT_OPTIMIZATION_LEVEL = "-Owholemodule";
				VALIDATE_PRODUCT = YES;
			};
			name = Release;
		};
		A5A1A2A41FDC8CF4002938F4 /* Debug */ = {
			isa = XCBuildConfiguration;
			buildSettings = {
				ASSETCATALOG_COMPILER_APPICON_NAME = AppIcon;
				CODE_SIGN_STYLE = Automatic;
				DEVELOPMENT_TEAM = 8VLBP5CT87;
				INFOPLIST_FILE = "goalpost-app/Info.plist";
				LD_RUNPATH_SEARCH_PATHS = "$(inherited) @executable_path/Frameworks";
				PRODUCT_BUNDLE_IDENTIFIER = "com.gorgeousrunning.goalpost-app";
				PRODUCT_NAME = "$(TARGET_NAME)";
				SWIFT_VERSION = 4.0;
				TARGETED_DEVICE_FAMILY = "1,2";
			};
			name = Debug;
		};
		A5A1A2A51FDC8CF4002938F4 /* Release */ = {
			isa = XCBuildConfiguration;
			buildSettings = {
				ASSETCATALOG_COMPILER_APPICON_NAME = AppIcon;
				CODE_SIGN_STYLE = Automatic;
				DEVELOPMENT_TEAM = 8VLBP5CT87;
				INFOPLIST_FILE = "goalpost-app/Info.plist";
				LD_RUNPATH_SEARCH_PATHS = "$(inherited) @executable_path/Frameworks";
				PRODUCT_BUNDLE_IDENTIFIER = "com.gorgeousrunning.goalpost-app";
				PRODUCT_NAME = "$(TARGET_NAME)";
				SWIFT_VERSION = 4.0;
				TARGETED_DEVICE_FAMILY = "1,2";
			};
			name = Release;
		};
/* End XCBuildConfiguration section */

/* Begin XCConfigurationList section */
		A5A1A2891FDC8CF4002938F4 /* Build configuration list for PBXProject "goalpost-app" */ = {
			isa = XCConfigurationList;
			buildConfigurations = (
				A5A1A2A11FDC8CF4002938F4 /* Debug */,
				A5A1A2A21FDC8CF4002938F4 /* Release */,
			);
			defaultConfigurationIsVisible = 0;
			defaultConfigurationName = Release;
		};
		A5A1A2A31FDC8CF4002938F4 /* Build configuration list for PBXNativeTarget "goalpost-app" */ = {
			isa = XCConfigurationList;
			buildConfigurations = (
				A5A1A2A41FDC8CF4002938F4 /* Debug */,
				A5A1A2A51FDC8CF4002938F4 /* Release */,
			);
			defaultConfigurationIsVisible = 0;
			defaultConfigurationName = Release;
		};
/* End XCConfigurationList section */

/* Begin XCVersionGroup section */
		A5A1A2981FDC8CF4002938F4 /* goalpost_app.xcdatamodeld */ = {
			isa = XCVersionGroup;
			children = (
				A5A1A2991FDC8CF4002938F4 /* goalpost_app.xcdatamodel */,
			);
			currentVersion = A5A1A2991FDC8CF4002938F4 /* goalpost_app.xcdatamodel */;
			path = goalpost_app.xcdatamodeld;
			sourceTree = "<group>";
			versionGroupType = wrapper.xcdatamodel;
		};
/* End XCVersionGroup section */
	};
	rootObject = A5A1A2861FDC8CF4002938F4 /* Project object */;
}
